{
  "name": "Jackpot",
  "lockfileVersion": 3,
  "requires": true,
  "packages": {
    "": {
      "dependencies": {
        "imagekit-javascript": "^3.0.0"
      }
    },
    "node_modules/imagekit-javascript": {
      "version": "3.0.0",
      "resolved": "https://registry.npmjs.org/imagekit-javascript/-/imagekit-javascript-3.0.0.tgz",
      "integrity": "sha512-39Q54v1fwRlCYnVyalfRi9UFuUq4t+vnktWUzqjBHRguOB+wLNnAEuPbNbm0NUBJAUw5He4C1k/0vbNLOvU/4g=="
    }
  }
}
